
Microsoft Visual Studio Solution File, Format Version 12.00
# Visual Studio Version 17
VisualStudioVersion = 17.0.32126.317
MinimumVisualStudioVersion = 10.0.40219.1
Project("{9A19103F-16F7-4668-BE54-9A1E7A4F7556}") = "consoleProjects", "consoleProjects\consoleProjects.csproj", "{7B656F02-56DB-4076-89E1-AA3997C5EBC2}"
EndProject
Project("{9A19103F-16F7-4668-BE54-9A1E7A4F7556}") = "Loops", "Loops\Loops.csproj", "{F73E1467-D2FA-4D6A-8959-EA1C3EC3577A}"
EndProject
Project("{9A19103F-16F7-4668-BE54-9A1E7A4F7556}") = "ClassIntro", "ClassIntro\ClassIntro.csproj", "{60D67A87-DBFA-407F-B933-6D5A033789D2}"
EndProject
Project("{FAE04EC0-301F-11D3-BF4B-00C04F79EFBC}") = "Methods", "Methods\Methods.csproj", "{5E846C57-C1F6-4597-881B-909CB55C89E8}"
EndProject
Project("{FAE04EC0-301F-11D3-BF4B-00C04F79EFBC}") = "Matematics", "Matematics\Matematics.csproj", "{F2222777-124A-47BE-9BFC-794897D24604}"
EndProject
Project("{FAE04EC0-301F-11D3-BF4B-00C04F79EFBC}") = "DataTypesAndReferenceTypes", "DataTypesAndReferenceTypes\DataTypesAndReferenceTypes.csproj", "{7360675D-3C2F-4402-A689-95D6B6E3AC21}"
EndProject
Global
	GlobalSection(SolutionConfigurationPlatforms) = preSolution
		Debug|Any CPU = Debug|Any CPU
		Release|Any CPU = Release|Any CPU
	EndGlobalSection
	GlobalSection(ProjectConfigurationPlatforms) = postSolution
		{7B656F02-56DB-4076-89E1-AA3997C5EBC2}.Debug|Any CPU.ActiveCfg = Debug|Any CPU
		{7B656F02-56DB-4076-89E1-AA3997C5EBC2}.Debug|Any CPU.Build.0 = Debug|Any CPU
		{7B656F02-56DB-4076-89E1-AA3997C5EBC2}.Release|Any CPU.ActiveCfg = Release|Any CPU
		{7B656F02-56DB-4076-89E1-AA3997C5EBC2}.Release|Any CPU.Build.0 = Release|Any CPU
		{F73E1467-D2FA-4D6A-8959-EA1C3EC3577A}.Debug|Any CPU.ActiveCfg = Debug|Any CPU
		{F73E1467-D2FA-4D6A-8959-EA1C3EC3577A}.Debug|Any CPU.Build.0 = Debug|Any CPU
		{F73E1467-D2FA-4D6A-8959-EA1C3EC3577A}.Release|Any CPU.ActiveCfg = Release|Any CPU
		{F73E1467-D2FA-4D6A-8959-EA1C3EC3577A}.Release|Any CPU.Build.0 = Release|Any CPU
		{60D67A87-DBFA-407F-B933-6D5A033789D2}.Debug|Any CPU.ActiveCfg = Debug|Any CPU
		{60D67A87-DBFA-407F-B933-6D5A033789D2}.Debug|Any CPU.Build.0 = Debug|Any CPU
		{60D67A87-DBFA-407F-B933-6D5A033789D2}.Release|Any CPU.ActiveCfg = Release|Any CPU
		{60D67A87-DBFA-407F-B933-6D5A033789D2}.Release|Any CPU.Build.0 = Release|Any CPU
		{5E846C57-C1F6-4597-881B-909CB55C89E8}.Debug|Any CPU.ActiveCfg = Debug|Any CPU
		{5E846C57-C1F6-4597-881B-909CB55C89E8}.Debug|Any CPU.Build.0 = Debug|Any CPU
		{5E846C57-C1F6-4597-881B-909CB55C89E8}.Release|Any CPU.ActiveCfg = Release|Any CPU
		{5E846C57-C1F6-4597-881B-909CB55C89E8}.Release|Any CPU.Build.0 = Release|Any CPU
		{F2222777-124A-47BE-9BFC-794897D24604}.Debug|Any CPU.ActiveCfg = Debug|Any CPU
		{F2222777-124A-47BE-9BFC-794897D24604}.Debug|Any CPU.Build.0 = Debug|Any CPU
		{F2222777-124A-47BE-9BFC-794897D24604}.Release|Any CPU.ActiveCfg = Release|Any CPU
		{F2222777-124A-47BE-9BFC-794897D24604}.Release|Any CPU.Build.0 = Release|Any CPU
		{7360675D-3C2F-4402-A689-95D6B6E3AC21}.Debug|Any CPU.ActiveCfg = Debug|Any CPU
		{7360675D-3C2F-4402-A689-95D6B6E3AC21}.Debug|Any CPU.Build.0 = Debug|Any CPU
		{7360675D-3C2F-4402-A689-95D6B6E3AC21}.Release|Any CPU.ActiveCfg = Release|Any CPU
		{7360675D-3C2F-4402-A689-95D6B6E3AC21}.Release|Any CPU.Build.0 = Release|Any CPU
	EndGlobalSection
	GlobalSection(SolutionProperties) = preSolution
		HideSolutionNode = FALSE
	EndGlobalSection
	GlobalSection(ExtensibilityGlobals) = postSolution
		SolutionGuid = {31B2BDA8-5BB4-416A-A6DB-EDFECFC80B6A}
	EndGlobalSection
EndGlobal
